
Microsoft Visual Studio Solution File, Format Version 12.00
# Visual Studio Version 17
VisualStudioVersion = 17.12.35707.178 d17.12
MinimumVisualStudioVersion = 10.0.40219.1
Project("{FAE04EC0-301F-11D3-BF4B-00C04F79EFBC}") = "task_amwag", "task_amwag.csproj", "{70C333D0-6538-4EE5-9642-7A3E2A5E5ACE}"
EndProject
Global
	GlobalSection(SolutionConfigurationPlatforms) = preSolution
		Debug|Any CPU = Debug|Any CPU
		Release|Any CPU = Release|Any CPU
	EndGlobalSection
	GlobalSection(ProjectConfigurationPlatforms) = postSolution
		{70C333D0-6538-4EE5-9642-7A3E2A5E5ACE}.Debug|Any CPU.ActiveCfg = Debug|Any CPU
		{70C333D0-6538-4EE5-9642-7A3E2A5E5ACE}.Debug|Any CPU.Build.0 = Debug|Any CPU
		{70C333D0-6538-4EE5-9642-7A3E2A5E5ACE}.Release|Any CPU.ActiveCfg = Release|Any CPU
		{70C333D0-6538-4EE5-9642-7A3E2A5E5ACE}.Release|Any CPU.Build.0 = Release|Any CPU
	EndGlobalSection
	GlobalSection(SolutionProperties) = preSolution
		HideSolutionNode = FALSE
	EndGlobalSection
EndGlobal
